
Microsoft Visual Studio Solution File, Format Version 12.00
# Visual Studio Version 17
VisualStudioVersion = 17.2.32630.192
MinimumVisualStudioVersion = 10.0.40219.1
Project("{FAE04EC0-301F-11D3-BF4B-00C04F79EFBC}") = "ClassLibrary1", "ClassLibrary1\ClassLibrary1.csproj", "{15669320-6628-49EF-B958-196DD8048CED}"
EndProject
Global
	GlobalSection(SolutionConfigurationPlatforms) = preSolution
		Debug|Any CPU = Debug|Any CPU
		Release|Any CPU = Release|Any CPU
	EndGlobalSection
	GlobalSection(ProjectConfigurationPlatforms) = postSolution
		{15669320-6628-49EF-B958-196DD8048CED}.Debug|Any CPU.ActiveCfg = Debug|Any CPU
		{15669320-6628-49EF-B958-196DD8048CED}.Debug|Any CPU.Build.0 = Debug|Any CPU
		{15669320-6628-49EF-B958-196DD8048CED}.Release|Any CPU.ActiveCfg = Release|Any CPU
		{15669320-6628-49EF-B958-196DD8048CED}.Release|Any CPU.Build.0 = Release|Any CPU
	EndGlobalSection
	GlobalSection(SolutionProperties) = preSolution
		HideSolutionNode = FALSE
	EndGlobalSection
	GlobalSection(ExtensibilityGlobals) = postSolution
		SolutionGuid = {591742FB-9A05-4E78-9869-A56479048373}
	EndGlobalSection
EndGlobal
